{
  "name": "ts-template",
  "version": "1.0.0",
  "lockfileVersion": 1,
  "requires": true,
  "dependencies": {
    "lua-types": {
      "version": "2.6.0",
      "resolved": "https://registry.npmjs.org/lua-types/-/lua-types-2.6.0.tgz",
      "integrity": "sha512-HRaLB6cx4/Hb4GX1j6+Jg8OeJN9FZFvMR689z3trfJBVvLXbkTgcmmFQuwf/J36hhhbvCBs40XQUsQutgtPfKg=="
    },
    "path-parse": {
      "version": "1.0.6",
      "resolved": "https://registry.npmjs.org/path-parse/-/path-parse-1.0.6.tgz",
      "integrity": "sha512-GSmOT2EbHrINBf9SR7CDELwlJ8AENk3Qn7OikK4nFYAu3Ote2+JYNVvkpAEQm3/TLNEJFD/xZJjzyxg3KBWOzw=="
    },
    "resolve": {
      "version": "1.11.1",
      "resolved": "https://registry.npmjs.org/resolve/-/resolve-1.11.1.tgz",
      "integrity": "sha512-vIpgF6wfuJOZI7KKKSP+HmiKggadPQAdsp5HiC1mvqnfp0gF1vdwgBWZIdrVft9pgqoMFQN+R7BSWZiBxx+BBw==",
      "requires": {
        "path-parse": "^1.0.6"
      }
    },
    "source-map": {
      "version": "0.7.3",
      "resolved": "https://registry.npmjs.org/source-map/-/source-map-0.7.3.tgz",
      "integrity": "sha512-CkCj6giN3S+n9qrYiBTX5gystlENnRW5jZeNLHpe6aue+SrHcG5VYwujhW9s4dY31mEGsxBDrHR6oI69fTXsaQ=="
    },
    "typescript": {
      "version": "3.5.3",
      "resolved": "https://registry.npmjs.org/typescript/-/typescript-3.5.3.tgz",
      "integrity": "sha512-ACzBtm/PhXBDId6a6sDJfroT2pOWt/oOnk4/dElG5G33ZL776N3Y6/6bKZJBFpd+b05F3Ct9qDjMeJmRWtE2/g=="
    },
    "typescript-to-lua": {
      "version": "0.23.0",
      "resolved": "https://registry.npmjs.org/typescript-to-lua/-/typescript-to-lua-0.23.0.tgz",
      "integrity": "sha512-Iq0a2X18BwyNddtNwxaKwpB4JyrKakbJxPNwUbGIwxq07WiWAkmqifGrx6owi6m9/y7cKQhn5Ivj6BYWTpc3sQ==",
      "requires": {
        "resolve": "^1.11.0",
        "source-map": "^0.7.3",
        "typescript": "^3.5.2"
      }
    }
  }
}
